
Microsoft Visual Studio Solution File, Format Version 12.00
# Visual Studio 2013
VisualStudioVersion = 12.0.31101.0
MinimumVisualStudioVersion = 10.0.40219.1
Project("{8BC9CEB8-8B4A-11D0-8D11-00A0C91BC942}") = "a1a", "A\1\a\a1a.vcxproj", "{9595BF11-4B0A-4927-9787-F438305342DF}"
EndProject
Project("{8BC9CEB8-8B4A-11D0-8D11-00A0C91BC942}") = "a1b", "A\1\b\a1b.vcxproj", "{AFE14FC3-12F8-481C-A038-25399C2EEA95}"
EndProject
Project("{8BC9CEB8-8B4A-11D0-8D11-00A0C91BC942}") = "a2", "A\2\a2.vcxproj", "{2F5283BE-9992-41D6-9256-99B2959DDBF2}"
EndProject
Project("{8BC9CEB8-8B4A-11D0-8D11-00A0C91BC942}") = "b", "B\b.vcxproj", "{048B530A-F034-4BD5-BC01-E1C8DF3115D9}"
EndProject
Global
	GlobalSection(SolutionConfigurationPlatforms) = preSolution
		Debug|Win32 = Debug|Win32
		Release|Win32 = Release|Win32
	EndGlobalSection
	GlobalSection(ProjectConfigurationPlatforms) = postSolution
		{9595BF11-4B0A-4927-9787-F438305342DF}.Debug|Win32.ActiveCfg = Debug|Win32
		{9595BF11-4B0A-4927-9787-F438305342DF}.Debug|Win32.Build.0 = Debug|Win32
		{9595BF11-4B0A-4927-9787-F438305342DF}.Release|Win32.ActiveCfg = Release|Win32
		{9595BF11-4B0A-4927-9787-F438305342DF}.Release|Win32.Build.0 = Release|Win32
		{AFE14FC3-12F8-481C-A038-25399C2EEA95}.Debug|Win32.ActiveCfg = Debug|Win32
		{AFE14FC3-12F8-481C-A038-25399C2EEA95}.Debug|Win32.Build.0 = Debug|Win32
		{AFE14FC3-12F8-481C-A038-25399C2EEA95}.Release|Win32.ActiveCfg = Release|Win32
		{AFE14FC3-12F8-481C-A038-25399C2EEA95}.Release|Win32.Build.0 = Release|Win32
		{2F5283BE-9992-41D6-9256-99B2959DDBF2}.Debug|Win32.ActiveCfg = Debug|Win32
		{2F5283BE-9992-41D6-9256-99B2959DDBF2}.Debug|Win32.Build.0 = Debug|Win32
		{2F5283BE-9992-41D6-9256-99B2959DDBF2}.Release|Win32.ActiveCfg = Release|Win32
		{2F5283BE-9992-41D6-9256-99B2959DDBF2}.Release|Win32.Build.0 = Release|Win32
		{048B530A-F034-4BD5-BC01-E1C8DF3115D9}.Debug|Win32.ActiveCfg = Debug|Win32
		{048B530A-F034-4BD5-BC01-E1C8DF3115D9}.Debug|Win32.Build.0 = Debug|Win32
		{048B530A-F034-4BD5-BC01-E1C8DF3115D9}.Release|Win32.ActiveCfg = Release|Win32
		{048B530A-F034-4BD5-BC01-E1C8DF3115D9}.Release|Win32.Build.0 = Release|Win32
	EndGlobalSection
	GlobalSection(SolutionProperties) = preSolution
		HideSolutionNode = FALSE
	EndGlobalSection
EndGlobal
