
Microsoft Visual Studio Solution File, Format Version 12.00
# Visual Studio Version 16
VisualStudioVersion = 16.0.31911.196
MinimumVisualStudioVersion = 10.0.40219.1
Project("{888888A0-9F3D-457C-B088-3A5042F75D52}") = "clangtidy_createrules", "clangtidy_createrules.pyproj", "{46164D90-7249-4216-B115-B99D1420D74C}"
EndProject
Global
	GlobalSection(SolutionConfigurationPlatforms) = preSolution
		Debug|Any CPU = Debug|Any CPU
		Release|Any CPU = Release|Any CPU
	EndGlobalSection
	GlobalSection(ProjectConfigurationPlatforms) = postSolution
		{46164D90-7249-4216-B115-B99D1420D74C}.Debug|Any CPU.ActiveCfg = Debug|Any CPU
		{46164D90-7249-4216-B115-B99D1420D74C}.Release|Any CPU.ActiveCfg = Release|Any CPU
	EndGlobalSection
	GlobalSection(SolutionProperties) = preSolution
		HideSolutionNode = FALSE
	EndGlobalSection
	GlobalSection(ExtensibilityGlobals) = postSolution
		SolutionGuid = {C4A6BDFE-BF78-40A6-B31B-19D9B6E2BBC2}
	EndGlobalSection
EndGlobal
