
Microsoft Visual Studio Solution File, Format Version 11.00
# Visual Studio 2010
Project("{FAE04EC0-301F-11D3-BF4B-00C04F79EFBC}") = "ClassLibrary", "ClassLibrary\ClassLibrary.csproj", "{B6BCCB51-F4C2-43FC-AE1A-86A254233604}"
EndProject
Global
	GlobalSection(SolutionConfigurationPlatforms) = preSolution
		CustomCompil|Any CPU = CustomCompil|Any CPU
		Debug|Any CPU = Debug|Any CPU
		Release|Any CPU = Release|Any CPU
	EndGlobalSection
	GlobalSection(ProjectConfigurationPlatforms) = postSolution
		{B6BCCB51-F4C2-43FC-AE1A-86A254233604}.CustomCompil|Any CPU.ActiveCfg = CustomCompil|Any CPU
		{B6BCCB51-F4C2-43FC-AE1A-86A254233604}.CustomCompil|Any CPU.Build.0 = CustomCompil|Any CPU
		{B6BCCB51-F4C2-43FC-AE1A-86A254233604}.Debug|Any CPU.ActiveCfg = Debug|Any CPU
		{B6BCCB51-F4C2-43FC-AE1A-86A254233604}.Debug|Any CPU.Build.0 = Debug|Any CPU
		{B6BCCB51-F4C2-43FC-AE1A-86A254233604}.Release|Any CPU.ActiveCfg = Release|Any CPU
		{B6BCCB51-F4C2-43FC-AE1A-86A254233604}.Release|Any CPU.Build.0 = Release|Any CPU
	EndGlobalSection
	GlobalSection(SolutionProperties) = preSolution
		HideSolutionNode = FALSE
	EndGlobalSection
EndGlobal
