
Microsoft Visual Studio Solution File, Format Version 12.00
# Visual Studio 2013
VisualStudioVersion = 12.0.31101.0
MinimumVisualStudioVersion = 10.0.40219.1
Project("{8BC9CEB8-8B4A-11D0-8D11-00A0C91BC942}") = "cli", "cli\cli.vcxproj", "{1D884F0D-B01A-4DB0-AD6B-F375D1D07517}"
	ProjectSection(ProjectDependencies) = postProject
		{244156B5-9F81-44AD-B81C-1B6DC4C8F35D} = {244156B5-9F81-44AD-B81C-1B6DC4C8F35D}
	EndProjectSection
EndProject
Project("{8BC9CEB8-8B4A-11D0-8D11-00A0C91BC942}") = "lib", "lib\lib.vcxproj", "{244156B5-9F81-44AD-B81C-1B6DC4C8F35D}"
EndProject
Project("{8BC9CEB8-8B4A-11D0-8D11-00A0C91BC942}") = "package1", "package1\package1.vcxproj", "{3B981A84-73B2-4F67-911B-7E963E6A76D0}"
EndProject
Project("{8BC9CEB8-8B4A-11D0-8D11-00A0C91BC942}") = "package2", "package2\package2.vcxproj", "{DE3F21E7-216A-4FDA-95FC-0CEB9C5D9A75}"
EndProject
Global
	GlobalSection(SolutionConfigurationPlatforms) = preSolution
		Debug|Win32 = Debug|Win32
		Release|Win32 = Release|Win32
	EndGlobalSection
	GlobalSection(ProjectConfigurationPlatforms) = postSolution
		{1D884F0D-B01A-4DB0-AD6B-F375D1D07517}.Debug|Win32.ActiveCfg = Debug|Win32
		{1D884F0D-B01A-4DB0-AD6B-F375D1D07517}.Debug|Win32.Build.0 = Debug|Win32
		{1D884F0D-B01A-4DB0-AD6B-F375D1D07517}.Release|Win32.ActiveCfg = Release|Win32
		{1D884F0D-B01A-4DB0-AD6B-F375D1D07517}.Release|Win32.Build.0 = Release|Win32
		{244156B5-9F81-44AD-B81C-1B6DC4C8F35D}.Debug|Win32.ActiveCfg = Debug|Win32
		{244156B5-9F81-44AD-B81C-1B6DC4C8F35D}.Debug|Win32.Build.0 = Debug|Win32
		{244156B5-9F81-44AD-B81C-1B6DC4C8F35D}.Release|Win32.ActiveCfg = Release|Win32
		{244156B5-9F81-44AD-B81C-1B6DC4C8F35D}.Release|Win32.Build.0 = Release|Win32
		{3B981A84-73B2-4F67-911B-7E963E6A76D0}.Debug|Win32.ActiveCfg = Debug|Win32
		{3B981A84-73B2-4F67-911B-7E963E6A76D0}.Debug|Win32.Build.0 = Debug|Win32
		{3B981A84-73B2-4F67-911B-7E963E6A76D0}.Release|Win32.ActiveCfg = Release|Win32
		{3B981A84-73B2-4F67-911B-7E963E6A76D0}.Release|Win32.Build.0 = Release|Win32
		{DE3F21E7-216A-4FDA-95FC-0CEB9C5D9A75}.Debug|Win32.ActiveCfg = Debug|Win32
		{DE3F21E7-216A-4FDA-95FC-0CEB9C5D9A75}.Debug|Win32.Build.0 = Debug|Win32
		{DE3F21E7-216A-4FDA-95FC-0CEB9C5D9A75}.Release|Win32.ActiveCfg = Release|Win32
		{DE3F21E7-216A-4FDA-95FC-0CEB9C5D9A75}.Release|Win32.Build.0 = Release|Win32
	EndGlobalSection
	GlobalSection(SolutionProperties) = preSolution
		HideSolutionNode = FALSE
	EndGlobalSection
EndGlobal
